// !$*UTF8*$!
{
	archiveVersion = 1;
	classes = {
	};
	objectVersion = 55;
	objects = {

/* Begin PBXBuildFile section */
		5216AE52283D18FB00EEFA6B /* SwiftUi_CalculadoraApp.swift in Sources */ = {isa = PBXBuildFile; fileRef = 5216AE51283D18FB00EEFA6B /* SwiftUi_CalculadoraApp.swift */; };
		5216AE54283D18FB00EEFA6B /* ContentView.swift in Sources */ = {isa = PBXBuildFile; fileRef = 5216AE53283D18FB00EEFA6B /* ContentView.swift */; };
		5216AE56283D18FD00EEFA6B /* Assets.xcassets in Resources */ = {isa = PBXBuildFile; fileRef = 5216AE55283D18FD00EEFA6B /* Assets.xcassets */; };
		5216AE59283D18FD00EEFA6B /* Preview Assets.xcassets in Resources */ = {isa = PBXBuildFile; fileRef = 5216AE58283D18FD00EEFA6B /* Preview Assets.xcassets */; };
		5216AE60283D193E00EEFA6B /* Model.swift in Sources */ = {isa = PBXBuildFile; fileRef = 5216AE5F283D193E00EEFA6B /* Model.swift */; };
		5216AE62283D1D1A00EEFA6B /* Color.swift in Sources */ = {isa = PBXBuildFile; fileRef = 5216AE61283D1D1A00EEFA6B /* Color.swift */; };
		5216AE64283D204E00EEFA6B /* Matrix.swift in Sources */ = {isa = PBXBuildFile; fileRef = 5216AE63283D204E00EEFA6B /* Matrix.swift */; };
		5216AE66283D24FC00EEFA6B /* VerticalButtonStyle.swift in Sources */ = {isa = PBXBuildFile; fileRef = 5216AE65283D24FC00EEFA6B /* VerticalButtonStyle.swift */; };
		52BA3A9D283FDF1900E2EC42 /* ViewModel.swift in Sources */ = {isa = PBXBuildFile; fileRef = 52BA3A9C283FDF1900E2EC42 /* ViewModel.swift */; };
/* End PBXBuildFile section */

/* Begin PBXFileReference section */
		5216AE4E283D18FB00EEFA6B /* SwiftUi-Calculadora.app */ = {isa = PBXFileReference; explicitFileType = wrapper.application; includeInIndex = 0; path = "SwiftUi-Calculadora.app"; sourceTree = BUILT_PRODUCTS_DIR; };
		5216AE51283D18FB00EEFA6B /* SwiftUi_CalculadoraApp.swift */ = {isa = PBXFileReference; lastKnownFileType = sourcecode.swift; path = SwiftUi_CalculadoraApp.swift; sourceTree = "<group>"; };
		5216AE53283D18FB00EEFA6B /* ContentView.swift */ = {isa = PBXFileReference; lastKnownFileType = sourcecode.swift; path = ContentView.swift; sourceTree = "<group>"; };
		5216AE55283D18FD00EEFA6B /* Assets.xcassets */ = {isa = PBXFileReference; lastKnownFileType = folder.assetcatalog; path = Assets.xcassets; sourceTree = "<group>"; };
		5216AE58283D18FD00EEFA6B /* Preview Assets.xcassets */ = {isa = PBXFileReference; lastKnownFileType = folder.assetcatalog; path = "Preview Assets.xcassets"; sourceTree = "<group>"; };
		5216AE5F283D193E00EEFA6B /* Model.swift */ = {isa = PBXFileReference; lastKnownFileType = sourcecode.swift; path = Model.swift; sourceTree = "<group>"; };
		5216AE61283D1D1A00EEFA6B /* Color.swift */ = {isa = PBXFileReference; lastKnownFileType = sourcecode.swift; path = Color.swift; sourceTree = "<group>"; };
		5216AE63283D204E00EEFA6B /* Matrix.swift */ = {isa = PBXFileReference; lastKnownFileType = sourcecode.swift; path = Matrix.swift; sourceTree = "<group>"; };
		5216AE65283D24FC00EEFA6B /* VerticalButtonStyle.swift */ = {isa = PBXFileReference; lastKnownFileType = sourcecode.swift; path = VerticalButtonStyle.swift; sourceTree = "<group>"; };
		52BA3A9C283FDF1900E2EC42 /* ViewModel.swift */ = {isa = PBXFileReference; lastKnownFileType = sourcecode.swift; path = ViewModel.swift; sourceTree = "<group>"; };
/* End PBXFileReference section */

/* Begin PBXFrameworksBuildPhase section */
		5216AE4B283D18FB00EEFA6B /* Frameworks */ = {
			isa = PBXFrameworksBuildPhase;
			buildActionMask = 2147483647;
			files = (
			);
			runOnlyForDeploymentPostprocessing = 0;
		};
/* End PBXFrameworksBuildPhase section */

/* Begin PBXGroup section */
		5216AE45283D18FB00EEFA6B = {
			isa = PBXGroup;
			children = (
				5216AE50283D18FB00EEFA6B /* SwiftUi-Calculadora */,
				5216AE4F283D18FB00EEFA6B /* Products */,
			);
			sourceTree = "<group>";
		};
		5216AE4F283D18FB00EEFA6B /* Products */ = {
			isa = PBXGroup;
			children = (
				5216AE4E283D18FB00EEFA6B /* SwiftUi-Calculadora.app */,
			);
			name = Products;
			sourceTree = "<group>";
		};
		5216AE50283D18FB00EEFA6B /* SwiftUi-Calculadora */ = {
			isa = PBXGroup;
			children = (
				5216AE51283D18FB00EEFA6B /* SwiftUi_CalculadoraApp.swift */,
				5216AE53283D18FB00EEFA6B /* ContentView.swift */,
				52BA3A9C283FDF1900E2EC42 /* ViewModel.swift */,
				5216AE55283D18FD00EEFA6B /* Assets.xcassets */,
				5216AE57283D18FD00EEFA6B /* Preview Content */,
				5216AE5F283D193E00EEFA6B /* Model.swift */,
				5216AE61283D1D1A00EEFA6B /* Color.swift */,
				5216AE63283D204E00EEFA6B /* Matrix.swift */,
				5216AE65283D24FC00EEFA6B /* VerticalButtonStyle.swift */,
			);
			path = "SwiftUi-Calculadora";
			sourceTree = "<group>";
		};
		5216AE57283D18FD00EEFA6B /* Preview Content */ = {
			isa = PBXGroup;
			children = (
				5216AE58283D18FD00EEFA6B /* Preview Assets.xcassets */,
			);
			path = "Preview Content";
			sourceTree = "<group>";
		};
/* End PBXGroup section */

/* Begin PBXNativeTarget section */
		5216AE4D283D18FB00EEFA6B /* SwiftUi-Calculadora */ = {
			isa = PBXNativeTarget;
			buildConfigurationList = 5216AE5C283D18FD00EEFA6B /* Build configuration list for PBXNativeTarget "SwiftUi-Calculadora" */;
			buildPhases = (
				5216AE4A283D18FB00EEFA6B /* Sources */,
				5216AE4B283D18FB00EEFA6B /* Frameworks */,
				5216AE4C283D18FB00EEFA6B /* Resources */,
			);
			buildRules = (
			);
			dependencies = (
			);
			name = "SwiftUi-Calculadora";
			productName = "SwiftUi-Calculadora";
			productReference = 5216AE4E283D18FB00EEFA6B /* SwiftUi-Calculadora.app */;
			productType = "com.apple.product-type.application";
		};
/* End PBXNativeTarget section */

/* Begin PBXProject section */
		5216AE46283D18FB00EEFA6B /* Project object */ = {
			isa = PBXProject;
			attributes = {
				BuildIndependentTargetsInParallel = 1;
				LastSwiftUpdateCheck = 1320;
				LastUpgradeCheck = 1320;
				TargetAttributes = {
					5216AE4D283D18FB00EEFA6B = {
						CreatedOnToolsVersion = 13.2.1;
					};
				};
			};
			buildConfigurationList = 5216AE49283D18FB00EEFA6B /* Build configuration list for PBXProject "SwiftUi-Calculadora" */;
			compatibilityVersion = "Xcode 13.0";
			developmentRegion = en;
			hasScannedForEncodings = 0;
			knownRegions = (
				en,
				Base,
			);
			mainGroup = 5216AE45283D18FB00EEFA6B;
			productRefGroup = 5216AE4F283D18FB00EEFA6B /* Products */;
			projectDirPath = "";
			projectRoot = "";
			targets = (
				5216AE4D283D18FB00EEFA6B /* SwiftUi-Calculadora */,
			);
		};
/* End PBXProject section */

/* Begin PBXResourcesBuildPhase section */
		5216AE4C283D18FB00EEFA6B /* Resources */ = {
			isa = PBXResourcesBuildPhase;
			buildActionMask = 2147483647;
			files = (
				5216AE59283D18FD00EEFA6B /* Preview Assets.xcassets in Resources */,
				5216AE56283D18FD00EEFA6B /* Assets.xcassets in Resources */,
			);
			runOnlyForDeploymentPostprocessing = 0;
		};
/* End PBXResourcesBuildPhase section */

/* Begin PBXSourcesBuildPhase section */
		5216AE4A283D18FB00EEFA6B /* Sources */ = {
			isa = PBXSourcesBuildPhase;
			buildActionMask = 2147483647;
			files = (
				5216AE60283D193E00EEFA6B /* Model.swift in Sources */,
				5216AE64283D204E00EEFA6B /* Matrix.swift in Sources */,
				5216AE62283D1D1A00EEFA6B /* Color.swift in Sources */,
				5216AE66283D24FC00EEFA6B /* VerticalButtonStyle.swift in Sources */,
				5216AE54283D18FB00EEFA6B /* ContentView.swift in Sources */,
				5216AE52283D18FB00EEFA6B /* SwiftUi_CalculadoraApp.swift in Sources */,
				52BA3A9D283FDF1900E2EC42 /* ViewModel.swift in Sources */,
			);
			runOnlyForDeploymentPostprocessing = 0;
		};
/* End PBXSourcesBuildPhase section */

/* Begin XCBuildConfiguration section */
		5216AE5A283D18FD00EEFA6B /* Debug */ = {
			isa = XCBuildConfiguration;
			buildSettings = {
				ALWAYS_SEARCH_USER_PATHS = NO;
				CLANG_ANALYZER_NONNULL = YES;
				CLANG_ANALYZER_NUMBER_OBJECT_CONVERSION = YES_AGGRESSIVE;
				CLANG_CXX_LANGUAGE_STANDARD = "gnu++17";
				CLANG_CXX_LIBRARY = "libc++";
				CLANG_ENABLE_MODULES = YES;
				CLANG_ENABLE_OBJC_ARC = YES;
				CLANG_ENABLE_OBJC_WEAK = YES;
				CLANG_WARN_BLOCK_CAPTURE_AUTORELEASING = YES;
				CLANG_WARN_BOOL_CONVERSION = YES;
				CLANG_WARN_COMMA = YES;
				CLANG_WARN_CONSTANT_CONVERSION = YES;
				CLANG_WARN_DEPRECATED_OBJC_IMPLEMENTATIONS = YES;
				CLANG_WARN_DIRECT_OBJC_ISA_USAGE = YES_ERROR;
				CLANG_WARN_DOCUMENTATION_COMMENTS = YES;
				CLANG_WARN_EMPTY_BODY = YES;
				CLANG_WARN_ENUM_CONVERSION = YES;
				CLANG_WARN_INFINITE_RECURSION = YES;
				CLANG_WARN_INT_CONVERSION = YES;
				CLANG_WARN_NON_LITERAL_NULL_CONVERSION = YES;
				CLANG_WARN_OBJC_IMPLICIT_RETAIN_SELF = YES;
				CLANG_WARN_OBJC_LITERAL_CONVERSION = YES;
				CLANG_WARN_OBJC_ROOT_CLASS = YES_ERROR;
				CLANG_WARN_QUOTED_INCLUDE_IN_FRAMEWORK_HEADER = YES;
				CLANG_WARN_RANGE_LOOP_ANALYSIS = YES;
				CLANG_WARN_STRICT_PROTOTYPES = YES;
				CLANG_WARN_SUSPICIOUS_MOVE = YES;
				CLANG_WARN_UNGUARDED_AVAILABILITY = YES_AGGRESSIVE;
				CLANG_WARN_UNREACHABLE_CODE = YES;
				CLANG_WARN__DUPLICATE_METHOD_MATCH = YES;
				COPY_PHASE_STRIP = NO;
				DEBUG_INFORMATION_FORMAT = dwarf;
				ENABLE_STRICT_OBJC_MSGSEND = YES;
				ENABLE_TESTABILITY = YES;
				GCC_C_LANGUAGE_STANDARD = gnu11;
				GCC_DYNAMIC_NO_PIC = NO;
				GCC_NO_COMMON_BLOCKS = YES;
				GCC_OPTIMIZATION_LEVEL = 0;
				GCC_PREPROCESSOR_DEFINITIONS = (
					"DEBUG=1",
					"$(inherited)",
				);
				GCC_WARN_64_TO_32_BIT_CONVERSION = YES;
				GCC_WARN_ABOUT_RETURN_TYPE = YES_ERROR;
				GCC_WARN_UNDECLARED_SELECTOR = YES;
				GCC_WARN_UNINITIALIZED_AUTOS = YES_AGGRESSIVE;
				GCC_WARN_UNUSED_FUNCTION = YES;
				GCC_WARN_UNUSED_VARIABLE = YES;
				IPHONEOS_DEPLOYMENT_TARGET = 15.2;
				MTL_ENABLE_DEBUG_INFO = INCLUDE_SOURCE;
				MTL_FAST_MATH = YES;
				ONLY_ACTIVE_ARCH = YES;
				SDKROOT = iphoneos;
				SWIFT_ACTIVE_COMPILATION_CONDITIONS = DEBUG;
				SWIFT_OPTIMIZATION_LEVEL = "-Onone";
			};
			name = Debug;
		};
		5216AE5B283D18FD00EEFA6B /* Release */ = {
			isa = XCBuildConfiguration;
			buildSettings = {
				ALWAYS_SEARCH_USER_PATHS = NO;
				CLANG_ANALYZER_NONNULL = YES;
				CLANG_ANALYZER_NUMBER_OBJECT_CONVERSION = YES_AGGRESSIVE;
				CLANG_CXX_LANGUAGE_STANDARD = "gnu++17";
				CLANG_CXX_LIBRARY = "libc++";
				CLANG_ENABLE_MODULES = YES;
				CLANG_ENABLE_OBJC_ARC = YES;
				CLANG_ENABLE_OBJC_WEAK = YES;
				CLANG_WARN_BLOCK_CAPTURE_AUTORELEASING = YES;
				CLANG_WARN_BOOL_CONVERSION = YES;
				CLANG_WARN_COMMA = YES;
				CLANG_WARN_CONSTANT_CONVERSION = YES;
				CLANG_WARN_DEPRECATED_OBJC_IMPLEMENTATIONS = YES;
				CLANG_WARN_DIRECT_OBJC_ISA_USAGE = YES_ERROR;
				CLANG_WARN_DOCUMENTATION_COMMENTS = YES;
				CLANG_WARN_EMPTY_BODY = YES;
				CLANG_WARN_ENUM_CONVERSION = YES;
				CLANG_WARN_INFINITE_RECURSION = YES;
				CLANG_WARN_INT_CONVERSION = YES;
				CLANG_WARN_NON_LITERAL_NULL_CONVERSION = YES;
				CLANG_WARN_OBJC_IMPLICIT_RETAIN_SELF = YES;
				CLANG_WARN_OBJC_LITERAL_CONVERSION = YES;
				CLANG_WARN_OBJC_ROOT_CLASS = YES_ERROR;
				CLANG_WARN_QUOTED_INCLUDE_IN_FRAMEWORK_HEADER = YES;
				CLANG_WARN_RANGE_LOOP_ANALYSIS = YES;
				CLANG_WARN_STRICT_PROTOTYPES = YES;
				CLANG_WARN_SUSPICIOUS_MOVE = YES;
				CLANG_WARN_UNGUARDED_AVAILABILITY = YES_AGGRESSIVE;
				CLANG_WARN_UNREACHABLE_CODE = YES;
				CLANG_WARN__DUPLICATE_METHOD_MATCH = YES;
				COPY_PHASE_STRIP = NO;
				DEBUG_INFORMATION_FORMAT = "dwarf-with-dsym";
				ENABLE_NS_ASSERTIONS = NO;
				ENABLE_STRICT_OBJC_MSGSEND = YES;
				GCC_C_LANGUAGE_STANDARD = gnu11;
				GCC_NO_COMMON_BLOCKS = YES;
				GCC_WARN_64_TO_32_BIT_CONVERSION = YES;
				GCC_WARN_ABOUT_RETURN_TYPE = YES_ERROR;
				GCC_WARN_UNDECLARED_SELECTOR = YES;
				GCC_WARN_UNINITIALIZED_AUTOS = YES_AGGRESSIVE;
				GCC_WARN_UNUSED_FUNCTION = YES;
				GCC_WARN_UNUSED_VARIABLE = YES;
				IPHONEOS_DEPLOYMENT_TARGET = 15.2;
				MTL_ENABLE_DEBUG_INFO = NO;
				MTL_FAST_MATH = YES;
				SDKROOT = iphoneos;
				SWIFT_COMPILATION_MODE = wholemodule;
				SWIFT_OPTIMIZATION_LEVEL = "-O";
				VALIDATE_PRODUCT = YES;
			};
			name = Release;
		};
		5216AE5D283D18FD00EEFA6B /* Debug */ = {
			isa = XCBuildConfiguration;
			buildSettings = {
				ASSETCATALOG_COMPILER_APPICON_NAME = AppIcon;
				ASSETCATALOG_COMPILER_GLOBAL_ACCENT_COLOR_NAME = AccentColor;
				CODE_SIGN_STYLE = Automatic;
				CURRENT_PROJECT_VERSION = 1;
				DEVELOPMENT_ASSET_PATHS = "\"SwiftUi-Calculadora/Preview Content\"";
				DEVELOPMENT_TEAM = 7GDT6SSAL3;
				ENABLE_PREVIEWS = YES;
				GENERATE_INFOPLIST_FILE = YES;
				INFOPLIST_KEY_UIApplicationSceneManifest_Generation = YES;
				INFOPLIST_KEY_UIApplicationSupportsIndirectInputEvents = YES;
				INFOPLIST_KEY_UILaunchScreen_Generation = YES;
				INFOPLIST_KEY_UISupportedInterfaceOrientations_iPad = "UIInterfaceOrientationPortrait UIInterfaceOrientationPortraitUpsideDown UIInterfaceOrientationLandscapeLeft UIInterfaceOrientationLandscapeRight";
				INFOPLIST_KEY_UISupportedInterfaceOrientations_iPhone = "UIInterfaceOrientationPortrait UIInterfaceOrientationLandscapeLeft UIInterfaceOrientationLandscapeRight";
				LD_RUNPATH_SEARCH_PATHS = (
					"$(inherited)",
					"@executable_path/Frameworks",
				);
				MARKETING_VERSION = 1.0;
				PRODUCT_BUNDLE_IDENTIFIER = "com.juancruz.SwiftUi-Calculadora";
				PRODUCT_NAME = "$(TARGET_NAME)";
				SWIFT_EMIT_LOC_STRINGS = YES;
				SWIFT_VERSION = 5.0;
				TARGETED_DEVICE_FAMILY = "1,2";
			};
			name = Debug;
		};
		5216AE5E283D18FD00EEFA6B /* Release */ = {
			isa = XCBuildConfiguration;
			buildSettings = {
				ASSETCATALOG_COMPILER_APPICON_NAME = AppIcon;
				ASSETCATALOG_COMPILER_GLOBAL_ACCENT_COLOR_NAME = AccentColor;
				CODE_SIGN_STYLE = Automatic;
				CURRENT_PROJECT_VERSION = 1;
				DEVELOPMENT_ASSET_PATHS = "\"SwiftUi-Calculadora/Preview Content\"";
				DEVELOPMENT_TEAM = 7GDT6SSAL3;
				ENABLE_PREVIEWS = YES;
				GENERATE_INFOPLIST_FILE = YES;
				INFOPLIST_KEY_UIApplicationSceneManifest_Generation = YES;
				INFOPLIST_KEY_UIApplicationSupportsIndirectInputEvents = YES;
				INFOPLIST_KEY_UILaunchScreen_Generation = YES;
				INFOPLIST_KEY_UISupportedInterfaceOrientations_iPad = "UIInterfaceOrientationPortrait UIInterfaceOrientationPortraitUpsideDown UIInterfaceOrientationLandscapeLeft UIInterfaceOrientationLandscapeRight";
				INFOPLIST_KEY_UISupportedInterfaceOrientations_iPhone = "UIInterfaceOrientationPortrait UIInterfaceOrientationLandscapeLeft UIInterfaceOrientationLandscapeRight";
				LD_RUNPATH_SEARCH_PATHS = (
					"$(inherited)",
					"@executable_path/Frameworks",
				);
				MARKETING_VERSION = 1.0;
				PRODUCT_BUNDLE_IDENTIFIER = "com.juancruz.SwiftUi-Calculadora";
				PRODUCT_NAME = "$(TARGET_NAME)";
				SWIFT_EMIT_LOC_STRINGS = YES;
				SWIFT_VERSION = 5.0;
				TARGETED_DEVICE_FAMILY = "1,2";
			};
			name = Release;
		};
/* End XCBuildConfiguration section */

/* Begin XCConfigurationList section */
		5216AE49283D18FB00EEFA6B /* Build configuration list for PBXProject "SwiftUi-Calculadora" */ = {
			isa = XCConfigurationList;
			buildConfigurations = (
				5216AE5A283D18FD00EEFA6B /* Debug */,
				5216AE5B283D18FD00EEFA6B /* Release */,
			);
			defaultConfigurationIsVisible = 0;
			defaultConfigurationName = Release;
		};
		5216AE5C283D18FD00EEFA6B /* Build configuration list for PBXNativeTarget "SwiftUi-Calculadora" */ = {
			isa = XCConfigurationList;
			buildConfigurations = (
				5216AE5D283D18FD00EEFA6B /* Debug */,
				5216AE5E283D18FD00EEFA6B /* Release */,
			);
			defaultConfigurationIsVisible = 0;
			defaultConfigurationName = Release;
		};
/* End XCConfigurationList section */
	};
	rootObject = 5216AE46283D18FB00EEFA6B /* Project object */;
}
